
Microsoft Visual Studio Solution File, Format Version 11.00
# Visual C# Express 2010
Project("{FAE04EC0-301F-11D3-BF4B-00C04F79EFBC}") = "Teste", "Teste\Teste.csproj", "{52FE4DD4-169B-470E-89CF-7D31A88DC8A4}"
EndProject
Global
	GlobalSection(SolutionConfigurationPlatforms) = preSolution
		Debug|x86 = Debug|x86
		Release|x86 = Release|x86
	EndGlobalSection
	GlobalSection(ProjectConfigurationPlatforms) = postSolution
		{52FE4DD4-169B-470E-89CF-7D31A88DC8A4}.Debug|x86.ActiveCfg = Debug|x86
		{52FE4DD4-169B-470E-89CF-7D31A88DC8A4}.Debug|x86.Build.0 = Debug|x86
		{52FE4DD4-169B-470E-89CF-7D31A88DC8A4}.Release|x86.ActiveCfg = Release|x86
		{52FE4DD4-169B-470E-89CF-7D31A88DC8A4}.Release|x86.Build.0 = Release|x86
	EndGlobalSection
	GlobalSection(SolutionProperties) = preSolution
		HideSolutionNode = FALSE
	EndGlobalSection
EndGlobal
